
Microsoft Visual Studio Solution File, Format Version 12.00
# Visual Studio Version 17
VisualStudioVersion = 17.13.35825.156
MinimumVisualStudioVersion = 10.0.40219.1
Project("{FAE04EC0-301F-11D3-BF4B-00C04F79EFBC}") = "FleetManagement.UI", "FleetManagement.UI\FleetManagement.UI.csproj", "{52A18E79-721F-48FB-94A3-786575AF1752}"
EndProject
Global
	GlobalSection(SolutionConfigurationPlatforms) = preSolution
		Debug|Any CPU = Debug|Any CPU
		Release|Any CPU = Release|Any CPU
	EndGlobalSection
	GlobalSection(ProjectConfigurationPlatforms) = postSolution
		{52A18E79-721F-48FB-94A3-786575AF1752}.Debug|Any CPU.ActiveCfg = Debug|Any CPU
		{52A18E79-721F-48FB-94A3-786575AF1752}.Debug|Any CPU.Build.0 = Debug|Any CPU
		{52A18E79-721F-48FB-94A3-786575AF1752}.Release|Any CPU.ActiveCfg = Release|Any CPU
		{52A18E79-721F-48FB-94A3-786575AF1752}.Release|Any CPU.Build.0 = Release|Any CPU
	EndGlobalSection
	GlobalSection(SolutionProperties) = preSolution
		HideSolutionNode = FALSE
	EndGlobalSection
	GlobalSection(ExtensibilityGlobals) = postSolution
		SolutionGuid = {42C1B47A-8B43-45E8-985D-DD1AFD63F78B}
	EndGlobalSection
EndGlobal
